
Microsoft Visual Studio Solution File, Format Version 12.00
# Visual Studio 2013
VisualStudioVersion = 12.0.40629.0
MinimumVisualStudioVersion = 10.0.40219.1
Project("{FAE04EC0-301F-11D3-BF4B-00C04F79EFBC}") = "HelloWorld", "HelloWorld\HelloWorld.csproj", "{AF946724-BAA1-474E-A5C0-FE20A234D566}"
EndProject
Project("{FAE04EC0-301F-11D3-BF4B-00C04F79EFBC}") = "HelloName", "HelloName\HelloName.csproj", "{EEEA926A-8956-4AD2-A47D-0D009A6C4821}"
EndProject
Project("{FAE04EC0-301F-11D3-BF4B-00C04F79EFBC}") = "Lang52aConsole", "Lang52aConsole\Lang52aConsole.csproj", "{049CA3C8-736A-4F64-9278-0CDFBB0ED658}"
EndProject
Project("{FAE04EC0-301F-11D3-BF4B-00C04F79EFBC}") = "Lang54bConsole", "Lang54bConsole\Lang54bConsole.csproj", "{58571615-F33D-4715-9D50-A8AA9569F8BF}"
EndProject
Project("{FAE04EC0-301F-11D3-BF4B-00C04F79EFBC}") = "FavClubConsole", "FavClubConsole\FavClubConsole.csproj", "{F13F1E0C-3C55-4A03-B07B-A7C19C35C838}"
EndProject
Project("{FAE04EC0-301F-11D3-BF4B-00C04F79EFBC}") = "Lang54cConsole", "Lang54cConsole\Lang54cConsole.csproj", "{686A53F3-1B28-4DD8-A897-77401DE80689}"
EndProject
Project("{FAE04EC0-301F-11D3-BF4B-00C04F79EFBC}") = "YourNameConsole", "YourNameConsole\YourNameConsole.csproj", "{1062A282-93AA-4539-8263-70D58FAEB278}"
EndProject
Project("{FAE04EC0-301F-11D3-BF4B-00C04F79EFBC}") = "Lang54a", "Lang54a\Lang54a.csproj", "{1B3C65B3-9546-42F6-90A5-5BB3578EB46D}"
EndProject
Project("{FAE04EC0-301F-11D3-BF4B-00C04F79EFBC}") = "Prog85c", "Prog85c\Prog85c.csproj", "{9D592575-4BBA-4C5C-A30E-A12AFF5C2BB9}"
EndProject
Project("{FAE04EC0-301F-11D3-BF4B-00C04F79EFBC}") = "Prog88a", "Prog88a\Prog88a.csproj", "{B39D36D7-DB7B-4A4F-B92C-E2D5B5FA5A0E}"
EndProject
Project("{FAE04EC0-301F-11D3-BF4B-00C04F79EFBC}") = "AboutMe", "AboutMe\AboutMe.csproj", "{CB2D3948-5AA1-4780-AC31-1D3DEB2BFFB0}"
EndProject
Project("{FAE04EC0-301F-11D3-BF4B-00C04F79EFBC}") = "LP4-5", "LP4-5\LP4-5.csproj", "{C7688B7B-326F-4046-9CA9-B69786DDDACD}"
EndProject
Project("{FAE04EC0-301F-11D3-BF4B-00C04F79EFBC}") = "LP4-1", "LP4-1\LP4-1.csproj", "{510D3765-8924-4912-B59C-35CDD746CBBE}"
EndProject
Project("{FAE04EC0-301F-11D3-BF4B-00C04F79EFBC}") = "Pg266LargeSmall", "Pg266LargeSmall\Pg266LargeSmall.csproj", "{2A308A53-D806-40B9-BBC2-25178E1C5ADB}"
EndProject
Project("{FAE04EC0-301F-11D3-BF4B-00C04F79EFBC}") = "Pg273BookClubPoints", "Pg273BookClubPoints\Pg273BookClubPoints.csproj", "{94C71A3D-0916-4FE0-A657-CFC340134686}"
EndProject
Project("{FAE04EC0-301F-11D3-BF4B-00C04F79EFBC}") = "Pg273MassAndWeight", "Pg273MassAndWeight\Pg273MassAndWeight.csproj", "{FB246153-A7E6-4D41-9DBC-75400DCF99AD}"
EndProject
Project("{FAE04EC0-301F-11D3-BF4B-00C04F79EFBC}") = "LP4-2", "LP4-2\LP4-2.csproj", "{4C31A550-3D8E-4E12-8012-95F2EBB5FA1B}"
EndProject
Project("{FAE04EC0-301F-11D3-BF4B-00C04F79EFBC}") = "Pg535CatchMe", "Pg535CatchMe\Pg535CatchMe.csproj", "{AF1D8CD0-1C18-4A37-86D4-3B8C0EDE179A}"
EndProject
Project("{FAE04EC0-301F-11D3-BF4B-00C04F79EFBC}") = "Lang122a", "Lang122a\Lang122a.csproj", "{37F5E8E8-61D6-4DD7-BDE6-1F0B94A20B9B}"
EndProject
Project("{FAE04EC0-301F-11D3-BF4B-00C04F79EFBC}") = "Lang122b", "Lang122b\Lang122b.csproj", "{2AF58067-9C64-4033-83BC-A84C6AC1B47D}"
EndProject
Global
	GlobalSection(SolutionConfigurationPlatforms) = preSolution
		Debug|Any CPU = Debug|Any CPU
		Release|Any CPU = Release|Any CPU
	EndGlobalSection
	GlobalSection(ProjectConfigurationPlatforms) = postSolution
		{AF946724-BAA1-474E-A5C0-FE20A234D566}.Debug|Any CPU.ActiveCfg = Debug|Any CPU
		{AF946724-BAA1-474E-A5C0-FE20A234D566}.Debug|Any CPU.Build.0 = Debug|Any CPU
		{AF946724-BAA1-474E-A5C0-FE20A234D566}.Release|Any CPU.ActiveCfg = Release|Any CPU
		{AF946724-BAA1-474E-A5C0-FE20A234D566}.Release|Any CPU.Build.0 = Release|Any CPU
		{EEEA926A-8956-4AD2-A47D-0D009A6C4821}.Debug|Any CPU.ActiveCfg = Debug|Any CPU
		{EEEA926A-8956-4AD2-A47D-0D009A6C4821}.Debug|Any CPU.Build.0 = Debug|Any CPU
		{EEEA926A-8956-4AD2-A47D-0D009A6C4821}.Release|Any CPU.ActiveCfg = Release|Any CPU
		{EEEA926A-8956-4AD2-A47D-0D009A6C4821}.Release|Any CPU.Build.0 = Release|Any CPU
		{049CA3C8-736A-4F64-9278-0CDFBB0ED658}.Debug|Any CPU.ActiveCfg = Debug|Any CPU
		{049CA3C8-736A-4F64-9278-0CDFBB0ED658}.Debug|Any CPU.Build.0 = Debug|Any CPU
		{049CA3C8-736A-4F64-9278-0CDFBB0ED658}.Release|Any CPU.ActiveCfg = Release|Any CPU
		{049CA3C8-736A-4F64-9278-0CDFBB0ED658}.Release|Any CPU.Build.0 = Release|Any CPU
		{58571615-F33D-4715-9D50-A8AA9569F8BF}.Debug|Any CPU.ActiveCfg = Debug|Any CPU
		{58571615-F33D-4715-9D50-A8AA9569F8BF}.Debug|Any CPU.Build.0 = Debug|Any CPU
		{58571615-F33D-4715-9D50-A8AA9569F8BF}.Release|Any CPU.ActiveCfg = Release|Any CPU
		{58571615-F33D-4715-9D50-A8AA9569F8BF}.Release|Any CPU.Build.0 = Release|Any CPU
		{F13F1E0C-3C55-4A03-B07B-A7C19C35C838}.Debug|Any CPU.ActiveCfg = Debug|Any CPU
		{F13F1E0C-3C55-4A03-B07B-A7C19C35C838}.Debug|Any CPU.Build.0 = Debug|Any CPU
		{F13F1E0C-3C55-4A03-B07B-A7C19C35C838}.Release|Any CPU.ActiveCfg = Release|Any CPU
		{F13F1E0C-3C55-4A03-B07B-A7C19C35C838}.Release|Any CPU.Build.0 = Release|Any CPU
		{686A53F3-1B28-4DD8-A897-77401DE80689}.Debug|Any CPU.ActiveCfg = Debug|Any CPU
		{686A53F3-1B28-4DD8-A897-77401DE80689}.Debug|Any CPU.Build.0 = Debug|Any CPU
		{686A53F3-1B28-4DD8-A897-77401DE80689}.Release|Any CPU.ActiveCfg = Release|Any CPU
		{686A53F3-1B28-4DD8-A897-77401DE80689}.Release|Any CPU.Build.0 = Release|Any CPU
		{1062A282-93AA-4539-8263-70D58FAEB278}.Debug|Any CPU.ActiveCfg = Debug|Any CPU
		{1062A282-93AA-4539-8263-70D58FAEB278}.Debug|Any CPU.Build.0 = Debug|Any CPU
		{1062A282-93AA-4539-8263-70D58FAEB278}.Release|Any CPU.ActiveCfg = Release|Any CPU
		{1062A282-93AA-4539-8263-70D58FAEB278}.Release|Any CPU.Build.0 = Release|Any CPU
		{1B3C65B3-9546-42F6-90A5-5BB3578EB46D}.Debug|Any CPU.ActiveCfg = Debug|Any CPU
		{1B3C65B3-9546-42F6-90A5-5BB3578EB46D}.Debug|Any CPU.Build.0 = Debug|Any CPU
		{1B3C65B3-9546-42F6-90A5-5BB3578EB46D}.Release|Any CPU.ActiveCfg = Release|Any CPU
		{1B3C65B3-9546-42F6-90A5-5BB3578EB46D}.Release|Any CPU.Build.0 = Release|Any CPU
		{9D592575-4BBA-4C5C-A30E-A12AFF5C2BB9}.Debug|Any CPU.ActiveCfg = Debug|Any CPU
		{9D592575-4BBA-4C5C-A30E-A12AFF5C2BB9}.Debug|Any CPU.Build.0 = Debug|Any CPU
		{9D592575-4BBA-4C5C-A30E-A12AFF5C2BB9}.Release|Any CPU.ActiveCfg = Release|Any CPU
		{9D592575-4BBA-4C5C-A30E-A12AFF5C2BB9}.Release|Any CPU.Build.0 = Release|Any CPU
		{B39D36D7-DB7B-4A4F-B92C-E2D5B5FA5A0E}.Debug|Any CPU.ActiveCfg = Debug|Any CPU
		{B39D36D7-DB7B-4A4F-B92C-E2D5B5FA5A0E}.Debug|Any CPU.Build.0 = Debug|Any CPU
		{B39D36D7-DB7B-4A4F-B92C-E2D5B5FA5A0E}.Release|Any CPU.ActiveCfg = Release|Any CPU
		{B39D36D7-DB7B-4A4F-B92C-E2D5B5FA5A0E}.Release|Any CPU.Build.0 = Release|Any CPU
		{CB2D3948-5AA1-4780-AC31-1D3DEB2BFFB0}.Debug|Any CPU.ActiveCfg = Debug|Any CPU
		{CB2D3948-5AA1-4780-AC31-1D3DEB2BFFB0}.Debug|Any CPU.Build.0 = Debug|Any CPU
		{CB2D3948-5AA1-4780-AC31-1D3DEB2BFFB0}.Release|Any CPU.ActiveCfg = Release|Any CPU
		{CB2D3948-5AA1-4780-AC31-1D3DEB2BFFB0}.Release|Any CPU.Build.0 = Release|Any CPU
		{C7688B7B-326F-4046-9CA9-B69786DDDACD}.Debug|Any CPU.ActiveCfg = Debug|Any CPU
		{C7688B7B-326F-4046-9CA9-B69786DDDACD}.Debug|Any CPU.Build.0 = Debug|Any CPU
		{C7688B7B-326F-4046-9CA9-B69786DDDACD}.Release|Any CPU.ActiveCfg = Release|Any CPU
		{C7688B7B-326F-4046-9CA9-B69786DDDACD}.Release|Any CPU.Build.0 = Release|Any CPU
		{510D3765-8924-4912-B59C-35CDD746CBBE}.Debug|Any CPU.ActiveCfg = Debug|Any CPU
		{510D3765-8924-4912-B59C-35CDD746CBBE}.Debug|Any CPU.Build.0 = Debug|Any CPU
		{510D3765-8924-4912-B59C-35CDD746CBBE}.Release|Any CPU.ActiveCfg = Release|Any CPU
		{510D3765-8924-4912-B59C-35CDD746CBBE}.Release|Any CPU.Build.0 = Release|Any CPU
		{2A308A53-D806-40B9-BBC2-25178E1C5ADB}.Debug|Any CPU.ActiveCfg = Debug|Any CPU
		{2A308A53-D806-40B9-BBC2-25178E1C5ADB}.Debug|Any CPU.Build.0 = Debug|Any CPU
		{2A308A53-D806-40B9-BBC2-25178E1C5ADB}.Release|Any CPU.ActiveCfg = Release|Any CPU
		{2A308A53-D806-40B9-BBC2-25178E1C5ADB}.Release|Any CPU.Build.0 = Release|Any CPU
		{94C71A3D-0916-4FE0-A657-CFC340134686}.Debug|Any CPU.ActiveCfg = Debug|Any CPU
		{94C71A3D-0916-4FE0-A657-CFC340134686}.Debug|Any CPU.Build.0 = Debug|Any CPU
		{94C71A3D-0916-4FE0-A657-CFC340134686}.Release|Any CPU.ActiveCfg = Release|Any CPU
		{94C71A3D-0916-4FE0-A657-CFC340134686}.Release|Any CPU.Build.0 = Release|Any CPU
		{FB246153-A7E6-4D41-9DBC-75400DCF99AD}.Debug|Any CPU.ActiveCfg = Debug|Any CPU
		{FB246153-A7E6-4D41-9DBC-75400DCF99AD}.Debug|Any CPU.Build.0 = Debug|Any CPU
		{FB246153-A7E6-4D41-9DBC-75400DCF99AD}.Release|Any CPU.ActiveCfg = Release|Any CPU
		{FB246153-A7E6-4D41-9DBC-75400DCF99AD}.Release|Any CPU.Build.0 = Release|Any CPU
		{4C31A550-3D8E-4E12-8012-95F2EBB5FA1B}.Debug|Any CPU.ActiveCfg = Debug|Any CPU
		{4C31A550-3D8E-4E12-8012-95F2EBB5FA1B}.Debug|Any CPU.Build.0 = Debug|Any CPU
		{4C31A550-3D8E-4E12-8012-95F2EBB5FA1B}.Release|Any CPU.ActiveCfg = Release|Any CPU
		{4C31A550-3D8E-4E12-8012-95F2EBB5FA1B}.Release|Any CPU.Build.0 = Release|Any CPU
		{AF1D8CD0-1C18-4A37-86D4-3B8C0EDE179A}.Debug|Any CPU.ActiveCfg = Debug|Any CPU
		{AF1D8CD0-1C18-4A37-86D4-3B8C0EDE179A}.Debug|Any CPU.Build.0 = Debug|Any CPU
		{AF1D8CD0-1C18-4A37-86D4-3B8C0EDE179A}.Release|Any CPU.ActiveCfg = Release|Any CPU
		{AF1D8CD0-1C18-4A37-86D4-3B8C0EDE179A}.Release|Any CPU.Build.0 = Release|Any CPU
		{37F5E8E8-61D6-4DD7-BDE6-1F0B94A20B9B}.Debug|Any CPU.ActiveCfg = Debug|Any CPU
		{37F5E8E8-61D6-4DD7-BDE6-1F0B94A20B9B}.Debug|Any CPU.Build.0 = Debug|Any CPU
		{37F5E8E8-61D6-4DD7-BDE6-1F0B94A20B9B}.Release|Any CPU.ActiveCfg = Release|Any CPU
		{37F5E8E8-61D6-4DD7-BDE6-1F0B94A20B9B}.Release|Any CPU.Build.0 = Release|Any CPU
		{2AF58067-9C64-4033-83BC-A84C6AC1B47D}.Debug|Any CPU.ActiveCfg = Debug|Any CPU
		{2AF58067-9C64-4033-83BC-A84C6AC1B47D}.Debug|Any CPU.Build.0 = Debug|Any CPU
		{2AF58067-9C64-4033-83BC-A84C6AC1B47D}.Release|Any CPU.ActiveCfg = Release|Any CPU
		{2AF58067-9C64-4033-83BC-A84C6AC1B47D}.Release|Any CPU.Build.0 = Release|Any CPU
	EndGlobalSection
	GlobalSection(SolutionProperties) = preSolution
		HideSolutionNode = FALSE
	EndGlobalSection
EndGlobal
